
Microsoft Visual Studio Solution File, Format Version 12.00
# Visual Studio Version 17
VisualStudioVersion = 17.10.34916.146
MinimumVisualStudioVersion = 10.0.40219.1
Project("{FAE04EC0-301F-11D3-BF4B-00C04F79EFBC}") = "PetShop", "PetShop\PetShop.csproj", "{DDDB7966-9332-48B4-8DE3-40FBA7948F2C}"
EndProject
Global
	GlobalSection(SolutionConfigurationPlatforms) = preSolution
		Debug|Any CPU = Debug|Any CPU
		Release|Any CPU = Release|Any CPU
	EndGlobalSection
	GlobalSection(ProjectConfigurationPlatforms) = postSolution
		{DDDB7966-9332-48B4-8DE3-40FBA7948F2C}.Debug|Any CPU.ActiveCfg = Debug|Any CPU
		{DDDB7966-9332-48B4-8DE3-40FBA7948F2C}.Debug|Any CPU.Build.0 = Debug|Any CPU
		{DDDB7966-9332-48B4-8DE3-40FBA7948F2C}.Release|Any CPU.ActiveCfg = Release|Any CPU
		{DDDB7966-9332-48B4-8DE3-40FBA7948F2C}.Release|Any CPU.Build.0 = Release|Any CPU
	EndGlobalSection
	GlobalSection(SolutionProperties) = preSolution
		HideSolutionNode = FALSE
	EndGlobalSection
	GlobalSection(ExtensibilityGlobals) = postSolution
		SolutionGuid = {50E462BA-E447-4575-BA3E-3B203F9D5C95}
	EndGlobalSection
EndGlobal
